# THIS IS AN AUTOGENERATED FILE. DO NOT EDIT THIS FILE DIRECTLY.
# yarn lockfile v1


"@babel/runtime@^7.23.1":
  version "7.23.2"
  resolved "https://registry.yarnpkg.com/@babel/runtime/-/runtime-7.23.2.tgz#062b0ac103261d68a966c4c7baf2ae3e62ec3885"
  integrity sha512-mM8eg4yl5D6i3lu2QKPuPH4FArvJ8KhTofbE7jwMUv9KX5mBvwPAqnV3MlyBNqdp9RyRKP6Yck8TrfYrPvX3bg==
  dependencies:
    regenerator-runtime "^0.14.0"

"@directus/sdk@^13.0.1":
  version "13.0.1"
  resolved "https://registry.yarnpkg.com/@directus/sdk/-/sdk-13.0.1.tgz#66397a459a410847ca4f509382bb04bdf83dd59c"
  integrity sha512-zKus2H2AC6NkYwYH1OTfTePHrCt4HxWC41JvQYiAT8j227bmE1adMQ/aAPqLwTIDeaDpR+BDJNNOFfq+3btVSg==

"@tanstack/query-core@5.8.3":
  version "5.8.3"
  resolved "https://registry.yarnpkg.com/@tanstack/query-core/-/query-core-5.8.3.tgz#7c6d62721518223e8b27f1a0b5e9bd4e3bb7ecd8"
  integrity sha512-SWFMFtcHfttLYif6pevnnMYnBvxKf3C+MHMH7bevyYfpXpTMsLB9O6nNGBdWSoPwnZRXFNyNeVZOw25Wmdasow==

"@tanstack/react-query@^5.8.4":
  version "5.8.4"
  resolved "https://registry.yarnpkg.com/@tanstack/react-query/-/react-query-5.8.4.tgz#7d5ef4dc4e2985fdc607d0f30ff79a8453abe652"
  integrity sha512-CD+AkXzg8J72JrE6ocmuBEJfGzEzu/bzkD6sFXFDDB5yji9N20JofXZlN6n0+CaPJuIi+e4YLCbGsyPFKkfNQA==
  dependencies:
    "@tanstack/query-core" "5.8.3"

react-hook-form@^7.48.2:
  version "7.48.2"
  resolved "https://registry.yarnpkg.com/react-hook-form/-/react-hook-form-7.48.2.tgz#01150354d2be61412ff56a030b62a119283b9935"
  integrity sha512-H0T2InFQb1hX7qKtDIZmvpU1Xfn/bdahWBN1fH19gSe4bBEqTfmlr7H3XWTaVtiK4/tpPaI1F3355GPMZYge+A==

regenerator-runtime@^0.14.0:
  version "0.14.0"
  resolved "https://registry.yarnpkg.com/regenerator-runtime/-/regenerator-runtime-0.14.0.tgz#5e19d68eb12d486f797e15a3c6a918f7cec5eb45"
  integrity sha512-srw17NI0TUWHuGa5CFGGmhfNIeja30WMBfbslPNhf6JrqQlLN5gcrvig1oqPxiVaXb0oW0XRKtH6Nngs5lKCIA==

tailwind-merge@^2.0.0:
  version "2.0.0"
  resolved "https://registry.yarnpkg.com/tailwind-merge/-/tailwind-merge-2.0.0.tgz#a0f3a8c874ebae5feec5595614d08245a5f88a39"
  integrity sha512-WO8qghn9yhsldLSg80au+3/gY9E4hFxIvQ3qOmlpXnqpDKoMruKfi/56BbbMg6fHTQJ9QD3cc79PoWqlaQE4rw==
  dependencies:
    "@babel/runtime" "^7.23.1"
